
Microsoft Visual Studio Solution File, Format Version 12.00
# Visual Studio Version 17
VisualStudioVersion = 17.11.35222.181
MinimumVisualStudioVersion = 10.0.40219.1
Project("{9A19103F-16F7-4668-BE54-9A1E7A4F7556}") = "lab01", "lab01.csproj", "{373D0438-943F-4E87-BE7E-C790FA90F964}"
EndProject
Global
	GlobalSection(SolutionConfigurationPlatforms) = preSolution
		Debug|Any CPU = Debug|Any CPU
		Release|Any CPU = Release|Any CPU
	EndGlobalSection
	GlobalSection(ProjectConfigurationPlatforms) = postSolution
		{373D0438-943F-4E87-BE7E-C790FA90F964}.Debug|Any CPU.ActiveCfg = Debug|Any CPU
		{373D0438-943F-4E87-BE7E-C790FA90F964}.Debug|Any CPU.Build.0 = Debug|Any CPU
		{373D0438-943F-4E87-BE7E-C790FA90F964}.Release|Any CPU.ActiveCfg = Release|Any CPU
		{373D0438-943F-4E87-BE7E-C790FA90F964}.Release|Any CPU.Build.0 = Release|Any CPU
	EndGlobalSection
	GlobalSection(SolutionProperties) = preSolution
		HideSolutionNode = FALSE
	EndGlobalSection
	GlobalSection(ExtensibilityGlobals) = postSolution
		SolutionGuid = {53465A81-FB78-40B9-856C-C962E618C84C}
	EndGlobalSection
EndGlobal
